github.com/cilium/ebpf v0.16.0 h1:0QVZ/w9kUG5G9y9LxAg2IFMRRnV+TIBt2y+GADMmd+I=
github.com/cilium/ebpf v0.16.0/go.mod h1:L0BfZqOEmRMo5AQBnlBDkE+3glmxEQB+Bm/E2P6uSIE=
github.com/google/go-cmp v0.6.0 h1:ofyh2XcQRE4GcN5r7O4+JgVT3mN9p1N5x5xQqEe6jdM=
github.com/google/go-cmp v0.6.0/go.mod h1:17dUlkBOakJ0+DkrSSNjCkIjxS6bF9zb3elmeNGIjoY=
github.com/google/go-tpm v0.9.1 h1:2z+C1HUKlJN/MC0Q+3NeRlWJHiZCXKGB+E5wLVK+I+c=
github.com/google/go-tpm v0.9.1/go.mod h1:h9jEsEECg7gtLis0upRBQU+0Y3G6F9oLYBKQ9r1lALY=
golang.org/x/sys v0.20.0 h1:Od9JTbYCk261bKm4M3V2SZRpoQ+5TQJ0G+5rbP4p0cY=
golang.org/x/sys v0.20.0/go.mod h1:/VUhepiaJMQUp4+oa/7Zr1D23ma6VTLIYjOOTFZPUcA=
gopkg.in/check.v1 v0.0.0-20161208181325-20d25e280405 h1:yhCVgyC4o1eVCa2tZl7eS0r+SDo693bJlVd2GieZK6Y=
gopkg.in/check.v1 v0.0.0-20161208181325-20d25e280405/go.mod h1:Co6ibVJAznAaIkqp8huTwlJQCZ016jof/cbN4VW5Gy0=
gopkg.in/yaml.v3 v3.0.1 h1:fxVm/GzAzEWqLHuvctI91KS9hhNmmWOoWu0XTYJEiOBw=
gopkg.in/yaml.v3 v3.0.1/go.mod h1:K4uyk7z7BCEPqu6E+C64Yfv1cQ7kz7rIZviUmN+EgEM=
